// !$*UTF8*$!
{
	archiveVersion = 1;
	classes = {
	};
	objectVersion = 48;
	objects = {

/* Begin PBXBuildFile section */
		6F3B45E920271B3200834EF4 /* ARVideoKit.framework in Frameworks */ = {isa = PBXBuildFile; fileRef = 6F3B45E820271B2900834EF4 /* ARVideoKit.framework */; };
		6F3B45EA20271B3200834EF4 /* ARVideoKit.framework in Embed Frameworks */ = {isa = PBXBuildFile; fileRef = 6F3B45E820271B2900834EF4 /* ARVideoKit.framework */; settings = {ATTRIBUTES = (CodeSignOnCopy, RemoveHeadersOnCopy, ); }; };
		6F76F58E20287C1700C8CE44 /* BtSceneView.swift in Sources */ = {isa = PBXBuildFile; fileRef = 6F76F58D20287C1700C8CE44 /* BtSceneView.swift */; };
		6F76F592202884E500C8CE44 /* SecondARViewController.m in Sources */ = {isa = PBXBuildFile; fileRef = 6F76F590202884E500C8CE44 /* SecondARViewController.m */; settings = {COMPILER_FLAGS = "-fno-objc-arc"; }; };
		6F76F593202884E500C8CE44 /* SecondARViewController.xib in Resources */ = {isa = PBXBuildFile; fileRef = 6F76F591202884E500C8CE44 /* SecondARViewController.xib */; };
		6F8CBE77202B139100FC50AA /* MyARSceneView.m in Sources */ = {isa = PBXBuildFile; fileRef = 6F8CBE76202B139100FC50AA /* MyARSceneView.m */; };
		6FD6A11A20244A1F003F82A8 /* BTSceneView.m in Sources */ = {isa = PBXBuildFile; fileRef = 6FD6A11920244A1F003F82A8 /* BTSceneView.m */; settings = {COMPILER_FLAGS = "-fno-objc-arc"; }; };
		6FF2C70A1FA30F7800895265 /* AppDelegate.m in Sources */ = {isa = PBXBuildFile; fileRef = 6FF2C7091FA30F7800895265 /* AppDelegate.m */; };
		6FF2C70D1FA30F7800895265 /* ViewController.m in Sources */ = {isa = PBXBuildFile; fileRef = 6FF2C70C1FA30F7800895265 /* ViewController.m */; };
		6FF2C7101FA30F7800895265 /* Main.storyboard in Resources */ = {isa = PBXBuildFile; fileRef = 6FF2C70E1FA30F7800895265 /* Main.storyboard */; };
		6FF2C7121FA30F7800895265 /* Assets.xcassets in Resources */ = {isa = PBXBuildFile; fileRef = 6FF2C7111FA30F7800895265 /* Assets.xcassets */; };
		6FF2C7151FA30F7800895265 /* LaunchScreen.storyboard in Resources */ = {isa = PBXBuildFile; fileRef = 6FF2C7131FA30F7800895265 /* LaunchScreen.storyboard */; };
		6FF2C7181FA30F7800895265 /* main.m in Sources */ = {isa = PBXBuildFile; fileRef = 6FF2C7171FA30F7800895265 /* main.m */; };
		6FF2C7221FA30F7800895265 /* ARManualDemoTests.m in Sources */ = {isa = PBXBuildFile; fileRef = 6FF2C7211FA30F7800895265 /* ARManualDemoTests.m */; };
		6FF2C72D1FA30F7800895265 /* ARManualDemoUITests.m in Sources */ = {isa = PBXBuildFile; fileRef = 6FF2C72C1FA30F7800895265 /* ARManualDemoUITests.m */; };
		6FF2C73B1FA30FC100895265 /* Storyboard.storyboard in Resources */ = {isa = PBXBuildFile; fileRef = 6FF2C73A1FA30FC100895265 /* Storyboard.storyboard */; };
		6FF2C7401FA3108400895265 /* ARSCNViewController.xib in Resources */ = {isa = PBXBuildFile; fileRef = 6FF2C73E1FA3108400895265 /* ARSCNViewController.xib */; };
		6FF2C7431FA322E700895265 /* ARKit.framework in Frameworks */ = {isa = PBXBuildFile; fileRef = 6FF2C7421FA322C100895265 /* ARKit.framework */; settings = {ATTRIBUTES = (Required, ); }; };
		6FF2C7451FA322FA00895265 /* SceneKit.framework in Frameworks */ = {isa = PBXBuildFile; fileRef = 6FF2C7441FA322EF00895265 /* SceneKit.framework */; settings = {ATTRIBUTES = (Required, ); }; };
		6FF2C7481FA32E9200895265 /* art.scnassets in Resources */ = {isa = PBXBuildFile; fileRef = 6FF2C7471FA32E9200895265 /* art.scnassets */; };
		6FF88F2F202714FB00C83BF1 /* ARSCNViewController.m in Sources */ = {isa = PBXBuildFile; fileRef = 6FF88F2E202714FB00C83BF1 /* ARSCNViewController.m */; };
/* End PBXBuildFile section */

/* Begin PBXContainerItemProxy section */
		6F3B45E720271B2900834EF4 /* PBXContainerItemProxy */ = {
			isa = PBXContainerItemProxy;
			containerPortal = 6F3B45E320271B2900834EF4 /* ARVideoKit.xcodeproj */;
			proxyType = 2;
			remoteGlobalIDString = FBD604DA1FA969DD00EC9804;
			remoteInfo = ARVideoKit;
		};
		6F3B45EB20271B3200834EF4 /* PBXContainerItemProxy */ = {
			isa = PBXContainerItemProxy;
			containerPortal = 6F3B45E320271B2900834EF4 /* ARVideoKit.xcodeproj */;
			proxyType = 1;
			remoteGlobalIDString = FBD604D91FA969DD00EC9804;
			remoteInfo = ARVideoKit;
		};
		6FF2C71E1FA30F7800895265 /* PBXContainerItemProxy */ = {
			isa = PBXContainerItemProxy;
			containerPortal = 6FF2C6FD1FA30F7800895265 /* Project object */;
			proxyType = 1;
			remoteGlobalIDString = 6FF2C7041FA30F7800895265;
			remoteInfo = ARManualDemo;
		};
		6FF2C7291FA30F7800895265 /* PBXContainerItemProxy */ = {
			isa = PBXContainerItemProxy;
			containerPortal = 6FF2C6FD1FA30F7800895265 /* Project object */;
			proxyType = 1;
			remoteGlobalIDString = 6FF2C7041FA30F7800895265;
			remoteInfo = ARManualDemo;
		};
/* End PBXContainerItemProxy section */

/* Begin PBXCopyFilesBuildPhase section */
		6FD6A1472026F62C003F82A8 /* Embed Frameworks */ = {
			isa = PBXCopyFilesBuildPhase;
			buildActionMask = 2147483647;
			dstPath = "";
			dstSubfolderSpec = 10;
			files = (
				6F3B45EA20271B3200834EF4 /* ARVideoKit.framework in Embed Frameworks */,
			);
			name = "Embed Frameworks";
			runOnlyForDeploymentPostprocessing = 0;
		};
/* End PBXCopyFilesBuildPhase section */

/* Begin PBXFileReference section */
		6F3B45E320271B2900834EF4 /* ARVideoKit.xcodeproj */ = {isa = PBXFileReference; lastKnownFileType = "wrapper.pb-project"; name = ARVideoKit.xcodeproj; path = "../AR_PartyNow/ARVideoKit-master/ARVideoKit.xcodeproj"; sourceTree = "<group>"; };
		6F76F58A2028767800C8CE44 /* ARManualDemo-Bridging-Header.h */ = {isa = PBXFileReference; lastKnownFileType = sourcecode.c.h; path = "ARManualDemo-Bridging-Header.h"; sourceTree = "<group>"; };
		6F76F58D20287C1700C8CE44 /* BtSceneView.swift */ = {isa = PBXFileReference; lastKnownFileType = sourcecode.swift; path = BtSceneView.swift; sourceTree = "<group>"; };
		6F76F58F202884E500C8CE44 /* SecondARViewController.h */ = {isa = PBXFileReference; lastKnownFileType = sourcecode.c.h; path = SecondARViewController.h; sourceTree = "<group>"; };
		6F76F590202884E500C8CE44 /* SecondARViewController.m */ = {isa = PBXFileReference; lastKnownFileType = sourcecode.c.objc; path = SecondARViewController.m; sourceTree = "<group>"; };
		6F76F591202884E500C8CE44 /* SecondARViewController.xib */ = {isa = PBXFileReference; lastKnownFileType = file.xib; path = SecondARViewController.xib; sourceTree = "<group>"; };
		6F8CBE75202B139100FC50AA /* MyARSceneView.h */ = {isa = PBXFileReference; lastKnownFileType = sourcecode.c.h; path = MyARSceneView.h; sourceTree = "<group>"; };
		6F8CBE76202B139100FC50AA /* MyARSceneView.m */ = {isa = PBXFileReference; lastKnownFileType = sourcecode.c.objc; path = MyARSceneView.m; sourceTree = "<group>"; };
		6F8CBE78202C41A500FC50AA /* ArViewDelegate.h */ = {isa = PBXFileReference; lastKnownFileType = sourcecode.c.h; path = ArViewDelegate.h; sourceTree = "<group>"; };
		6FD6A11820244A1F003F82A8 /* BTSceneView.h */ = {isa = PBXFileReference; lastKnownFileType = sourcecode.c.h; path = BTSceneView.h; sourceTree = "<group>"; };
		6FD6A11920244A1F003F82A8 /* BTSceneView.m */ = {isa = PBXFileReference; lastKnownFileType = sourcecode.c.objc; path = BTSceneView.m; sourceTree = "<group>"; };
		6FD6A120202456A9003F82A8 /* CameraOperationDelegate.h */ = {isa = PBXFileReference; lastKnownFileType = sourcecode.c.h; path = CameraOperationDelegate.h; sourceTree = "<group>"; };
		6FF2C7051FA30F7800895265 /* ARManualDemo.app */ = {isa = PBXFileReference; explicitFileType = wrapper.application; includeInIndex = 0; path = ARManualDemo.app; sourceTree = BUILT_PRODUCTS_DIR; };
		6FF2C7081FA30F7800895265 /* AppDelegate.h */ = {isa = PBXFileReference; lastKnownFileType = sourcecode.c.h; path = AppDelegate.h; sourceTree = "<group>"; };
		6FF2C7091FA30F7800895265 /* AppDelegate.m */ = {isa = PBXFileReference; lastKnownFileType = sourcecode.c.objc; path = AppDelegate.m; sourceTree = "<group>"; };
		6FF2C70B1FA30F7800895265 /* ViewController.h */ = {isa = PBXFileReference; lastKnownFileType = sourcecode.c.h; path = ViewController.h; sourceTree = "<group>"; };
		6FF2C70C1FA30F7800895265 /* ViewController.m */ = {isa = PBXFileReference; lastKnownFileType = sourcecode.c.objc; path = ViewController.m; sourceTree = "<group>"; };
		6FF2C70F1FA30F7800895265 /* Base */ = {isa = PBXFileReference; lastKnownFileType = file.storyboard; name = Base; path = Base.lproj/Main.storyboard; sourceTree = "<group>"; };
		6FF2C7111FA30F7800895265 /* Assets.xcassets */ = {isa = PBXFileReference; lastKnownFileType = folder.assetcatalog; path = Assets.xcassets; sourceTree = "<group>"; };
		6FF2C7141FA30F7800895265 /* Base */ = {isa = PBXFileReference; lastKnownFileType = file.storyboard; name = Base; path = Base.lproj/LaunchScreen.storyboard; sourceTree = "<group>"; };
		6FF2C7161FA30F7800895265 /* Info.plist */ = {isa = PBXFileReference; lastKnownFileType = text.plist.xml; path = Info.plist; sourceTree = "<group>"; };
		6FF2C7171FA30F7800895265 /* main.m */ = {isa = PBXFileReference; lastKnownFileType = sourcecode.c.objc; path = main.m; sourceTree = "<group>"; };
		6FF2C71D1FA30F7800895265 /* ARManualDemoTests.xctest */ = {isa = PBXFileReference; explicitFileType = wrapper.cfbundle; includeInIndex = 0; path = ARManualDemoTests.xctest; sourceTree = BUILT_PRODUCTS_DIR; };
		6FF2C7211FA30F7800895265 /* ARManualDemoTests.m */ = {isa = PBXFileReference; lastKnownFileType = sourcecode.c.objc; path = ARManualDemoTests.m; sourceTree = "<group>"; };
		6FF2C7231FA30F7800895265 /* Info.plist */ = {isa = PBXFileReference; lastKnownFileType = text.plist.xml; path = Info.plist; sourceTree = "<group>"; };
		6FF2C7281FA30F7800895265 /* ARManualDemoUITests.xctest */ = {isa = PBXFileReference; explicitFileType = wrapper.cfbundle; includeInIndex = 0; path = ARManualDemoUITests.xctest; sourceTree = BUILT_PRODUCTS_DIR; };
		6FF2C72C1FA30F7800895265 /* ARManualDemoUITests.m */ = {isa = PBXFileReference; lastKnownFileType = sourcecode.c.objc; path = ARManualDemoUITests.m; sourceTree = "<group>"; };
		6FF2C72E1FA30F7800895265 /* Info.plist */ = {isa = PBXFileReference; lastKnownFileType = text.plist.xml; path = Info.plist; sourceTree = "<group>"; };
		6FF2C73A1FA30FC100895265 /* Storyboard.storyboard */ = {isa = PBXFileReference; lastKnownFileType = file.storyboard; name = Storyboard.storyboard; path = ARManualDemo/Storyboard.storyboard; sourceTree = "<group>"; };
		6FF2C73C1FA3108400895265 /* ARSCNViewController.h */ = {isa = PBXFileReference; lastKnownFileType = sourcecode.c.h; path = ARSCNViewController.h; sourceTree = "<group>"; };
		6FF2C73E1FA3108400895265 /* ARSCNViewController.xib */ = {isa = PBXFileReference; lastKnownFileType = file.xib; path = ARSCNViewController.xib; sourceTree = "<group>"; };
		6FF2C7421FA322C100895265 /* ARKit.framework */ = {isa = PBXFileReference; lastKnownFileType = wrapper.framework; name = ARKit.framework; path = System/Library/Frameworks/ARKit.framework; sourceTree = SDKROOT; };
		6FF2C7441FA322EF00895265 /* SceneKit.framework */ = {isa = PBXFileReference; lastKnownFileType = wrapper.framework; name = SceneKit.framework; path = System/Library/Frameworks/SceneKit.framework; sourceTree = SDKROOT; };
		6FF2C7471FA32E9200895265 /* art.scnassets */ = {isa = PBXFileReference; lastKnownFileType = wrapper.scnassets; path = art.scnassets; sourceTree = "<group>"; };
		6FF88F2E202714FB00C83BF1 /* ARSCNViewController.m */ = {isa = PBXFileReference; fileEncoding = 4; lastKnownFileType = sourcecode.c.objc; path = ARSCNViewController.m; sourceTree = "<group>"; };
/* End PBXFileReference section */

/* Begin PBXFrameworksBuildPhase section */
		6FF2C7021FA30F7800895265 /* Frameworks */ = {
			isa = PBXFrameworksBuildPhase;
			buildActionMask = 2147483647;
			files = (
				6FF2C7431FA322E700895265 /* ARKit.framework in Frameworks */,
				6F3B45E920271B3200834EF4 /* ARVideoKit.framework in Frameworks */,
				6FF2C7451FA322FA00895265 /* SceneKit.framework in Frameworks */,
			);
			runOnlyForDeploymentPostprocessing = 0;
		};
		6FF2C71A1FA30F7800895265 /* Frameworks */ = {
			isa = PBXFrameworksBuildPhase;
			buildActionMask = 2147483647;
			files = (
			);
			runOnlyForDeploymentPostprocessing = 0;
		};
		6FF2C7251FA30F7800895265 /* Frameworks */ = {
			isa = PBXFrameworksBuildPhase;
			buildActionMask = 2147483647;
			files = (
			);
			runOnlyForDeploymentPostprocessing = 0;
		};
/* End PBXFrameworksBuildPhase section */

/* Begin PBXGroup section */
		6F3B45E420271B2900834EF4 /* Products */ = {
			isa = PBXGroup;
			children = (
				6F3B45E820271B2900834EF4 /* ARVideoKit.framework */,
			);
			name = Products;
			sourceTree = "<group>";
		};
		6FD6A117202449A0003F82A8 /* Views */ = {
			isa = PBXGroup;
			children = (
				6FD6A11820244A1F003F82A8 /* BTSceneView.h */,
				6FD6A11920244A1F003F82A8 /* BTSceneView.m */,
				6F76F58A2028767800C8CE44 /* ARManualDemo-Bridging-Header.h */,
				6F76F58D20287C1700C8CE44 /* BtSceneView.swift */,
				6F8CBE75202B139100FC50AA /* MyARSceneView.h */,
				6F8CBE76202B139100FC50AA /* MyARSceneView.m */,
			);
			name = Views;
			sourceTree = "<group>";
		};
		6FD6A11B20244B29003F82A8 /* Delegates */ = {
			isa = PBXGroup;
			children = (
				6FD6A120202456A9003F82A8 /* CameraOperationDelegate.h */,
				6F8CBE78202C41A500FC50AA /* ArViewDelegate.h */,
			);
			name = Delegates;
			sourceTree = "<group>";
		};
		6FF2C6FC1FA30F7800895265 = {
			isa = PBXGroup;
			children = (
				6F3B45E320271B2900834EF4 /* ARVideoKit.xcodeproj */,
				6FF2C73A1FA30FC100895265 /* Storyboard.storyboard */,
				6FF2C7071FA30F7800895265 /* ARManualDemo */,
				6FF2C7201FA30F7800895265 /* ARManualDemoTests */,
				6FF2C72B1FA30F7800895265 /* ARManualDemoUITests */,
				6FF2C7061FA30F7800895265 /* Products */,
				6FF2C7411FA322C100895265 /* Frameworks */,
			);
			sourceTree = "<group>";
		};
		6FF2C7061FA30F7800895265 /* Products */ = {
			isa = PBXGroup;
			children = (
				6FF2C7051FA30F7800895265 /* ARManualDemo.app */,
				6FF2C71D1FA30F7800895265 /* ARManualDemoTests.xctest */,
				6FF2C7281FA30F7800895265 /* ARManualDemoUITests.xctest */,
			);
			name = Products;
			sourceTree = "<group>";
		};
		6FF2C7071FA30F7800895265 /* ARManualDemo */ = {
			isa = PBXGroup;
			children = (
				6FD6A11B20244B29003F82A8 /* Delegates */,
				6FD6A117202449A0003F82A8 /* Views */,
				6FF2C7081FA30F7800895265 /* AppDelegate.h */,
				6FF2C7091FA30F7800895265 /* AppDelegate.m */,
				6FF2C70B1FA30F7800895265 /* ViewController.h */,
				6FF2C70C1FA30F7800895265 /* ViewController.m */,
				6FF2C70E1FA30F7800895265 /* Main.storyboard */,
				6FF2C7471FA32E9200895265 /* art.scnassets */,
				6FF2C7111FA30F7800895265 /* Assets.xcassets */,
				6FF2C7131FA30F7800895265 /* LaunchScreen.storyboard */,
				6FF2C7161FA30F7800895265 /* Info.plist */,
				6FF2C7171FA30F7800895265 /* main.m */,
				6FF2C73C1FA3108400895265 /* ARSCNViewController.h */,
				6FF88F2E202714FB00C83BF1 /* ARSCNViewController.m */,
				6FF2C73E1FA3108400895265 /* ARSCNViewController.xib */,
				6F76F58F202884E500C8CE44 /* SecondARViewController.h */,
				6F76F590202884E500C8CE44 /* SecondARViewController.m */,
				6F76F591202884E500C8CE44 /* SecondARViewController.xib */,
			);
			path = ARManualDemo;
			sourceTree = "<group>";
		};
		6FF2C7201FA30F7800895265 /* ARManualDemoTests */ = {
			isa = PBXGroup;
			children = (
				6FF2C7211FA30F7800895265 /* ARManualDemoTests.m */,
				6FF2C7231FA30F7800895265 /* Info.plist */,
			);
			path = ARManualDemoTests;
			sourceTree = "<group>";
		};
		6FF2C72B1FA30F7800895265 /* ARManualDemoUITests */ = {
			isa = PBXGroup;
			children = (
				6FF2C72C1FA30F7800895265 /* ARManualDemoUITests.m */,
				6FF2C72E1FA30F7800895265 /* Info.plist */,
			);
			path = ARManualDemoUITests;
			sourceTree = "<group>";
		};
		6FF2C7411FA322C100895265 /* Frameworks */ = {
			isa = PBXGroup;
			children = (
				6FF2C7441FA322EF00895265 /* SceneKit.framework */,
				6FF2C7421FA322C100895265 /* ARKit.framework */,
			);
			name = Frameworks;
			sourceTree = "<group>";
		};
/* End PBXGroup section */

/* Begin PBXNativeTarget section */
		6FF2C7041FA30F7800895265 /* ARManualDemo */ = {
			isa = PBXNativeTarget;
			buildConfigurationList = 6FF2C7311FA30F7800895265 /* Build configuration list for PBXNativeTarget "ARManualDemo" */;
			buildPhases = (
				6FF2C7011FA30F7800895265 /* Sources */,
				6FF2C7021FA30F7800895265 /* Frameworks */,
				6FF2C7031FA30F7800895265 /* Resources */,
				6FD6A1472026F62C003F82A8 /* Embed Frameworks */,
				6FF88F30202717D200C83BF1 /* ShellScript */,
			);
			buildRules = (
			);
			dependencies = (
				6F3B45EC20271B3200834EF4 /* PBXTargetDependency */,
			);
			name = ARManualDemo;
			productName = ARManualDemo;
			productReference = 6FF2C7051FA30F7800895265 /* ARManualDemo.app */;
			productType = "com.apple.product-type.application";
		};
		6FF2C71C1FA30F7800895265 /* ARManualDemoTests */ = {
			isa = PBXNativeTarget;
			buildConfigurationList = 6FF2C7341FA30F7800895265 /* Build configuration list for PBXNativeTarget "ARManualDemoTests" */;
			buildPhases = (
				6FF2C7191FA30F7800895265 /* Sources */,
				6FF2C71A1FA30F7800895265 /* Frameworks */,
				6FF2C71B1FA30F7800895265 /* Resources */,
			);
			buildRules = (
			);
			dependencies = (
				6FF2C71F1FA30F7800895265 /* PBXTargetDependency */,
			);
			name = ARManualDemoTests;
			productName = ARManualDemoTests;
			productReference = 6FF2C71D1FA30F7800895265 /* ARManualDemoTests.xctest */;
			productType = "com.apple.product-type.bundle.unit-test";
		};
		6FF2C7271FA30F7800895265 /* ARManualDemoUITests */ = {
			isa = PBXNativeTarget;
			buildConfigurationList = 6FF2C7371FA30F7800895265 /* Build configuration list for PBXNativeTarget "ARManualDemoUITests" */;
			buildPhases = (
				6FF2C7241FA30F7800895265 /* Sources */,
				6FF2C7251FA30F7800895265 /* Frameworks */,
				6FF2C7261FA30F7800895265 /* Resources */,
			);
			buildRules = (
			);
			dependencies = (
				6FF2C72A1FA30F7800895265 /* PBXTargetDependency */,
			);
			name = ARManualDemoUITests;
			productName = ARManualDemoUITests;
			productReference = 6FF2C7281FA30F7800895265 /* ARManualDemoUITests.xctest */;
			productType = "com.apple.product-type.bundle.ui-testing";
		};
/* End PBXNativeTarget section */

/* Begin PBXProject section */
		6FF2C6FD1FA30F7800895265 /* Project object */ = {
			isa = PBXProject;
			attributes = {
				LastUpgradeCheck = 0900;
				ORGANIZATIONNAME = Lingeng;
				TargetAttributes = {
					6FF2C7041FA30F7800895265 = {
						CreatedOnToolsVersion = 9.0.1;
						LastSwiftMigration = 0920;
						ProvisioningStyle = Automatic;
					};
					6FF2C71C1FA30F7800895265 = {
						CreatedOnToolsVersion = 9.0.1;
						ProvisioningStyle = Automatic;
						TestTargetID = 6FF2C7041FA30F7800895265;
					};
					6FF2C7271FA30F7800895265 = {
						CreatedOnToolsVersion = 9.0.1;
						ProvisioningStyle = Automatic;
						TestTargetID = 6FF2C7041FA30F7800895265;
					};
				};
			};
			buildConfigurationList = 6FF2C7001FA30F7800895265 /* Build configuration list for PBXProject "ARManualDemo" */;
			compatibilityVersion = "Xcode 8.0";
			developmentRegion = en;
			hasScannedForEncodings = 0;
			knownRegions = (
				en,
				Base,
			);
			mainGroup = 6FF2C6FC1FA30F7800895265;
			productRefGroup = 6FF2C7061FA30F7800895265 /* Products */;
			projectDirPath = "";
			projectReferences = (
				{
					ProductGroup = 6F3B45E420271B2900834EF4 /* Products */;
					ProjectRef = 6F3B45E320271B2900834EF4 /* ARVideoKit.xcodeproj */;
				},
			);
			projectRoot = "";
			targets = (
				6FF2C7041FA30F7800895265 /* ARManualDemo */,
				6FF2C71C1FA30F7800895265 /* ARManualDemoTests */,
				6FF2C7271FA30F7800895265 /* ARManualDemoUITests */,
			);
		};
/* End PBXProject section */

/* Begin PBXReferenceProxy section */
		6F3B45E820271B2900834EF4 /* ARVideoKit.framework */ = {
			isa = PBXReferenceProxy;
			fileType = wrapper.framework;
			path = ARVideoKit.framework;
			remoteRef = 6F3B45E720271B2900834EF4 /* PBXContainerItemProxy */;
			sourceTree = BUILT_PRODUCTS_DIR;
		};
/* End PBXReferenceProxy section */

/* Begin PBXResourcesBuildPhase section */
		6FF2C7031FA30F7800895265 /* Resources */ = {
			isa = PBXResourcesBuildPhase;
			buildActionMask = 2147483647;
			files = (
				6FF2C7151FA30F7800895265 /* LaunchScreen.storyboard in Resources */,
				6F76F593202884E500C8CE44 /* SecondARViewController.xib in Resources */,
				6FF2C7481FA32E9200895265 /* art.scnassets in Resources */,
				6FF2C73B1FA30FC100895265 /* Storyboard.storyboard in Resources */,
				6FF2C7401FA3108400895265 /* ARSCNViewController.xib in Resources */,
				6FF2C7121FA30F7800895265 /* Assets.xcassets in Resources */,
				6FF2C7101FA30F7800895265 /* Main.storyboard in Resources */,
			);
			runOnlyForDeploymentPostprocessing = 0;
		};
		6FF2C71B1FA30F7800895265 /* Resources */ = {
			isa = PBXResourcesBuildPhase;
			buildActionMask = 2147483647;
			files = (
			);
			runOnlyForDeploymentPostprocessing = 0;
		};
		6FF2C7261FA30F7800895265 /* Resources */ = {
			isa = PBXResourcesBuildPhase;
			buildActionMask = 2147483647;
			files = (
			);
			runOnlyForDeploymentPostprocessing = 0;
		};
/* End PBXResourcesBuildPhase section */

/* Begin PBXShellScriptBuildPhase section */
		6FF88F30202717D200C83BF1 /* ShellScript */ = {
			isa = PBXShellScriptBuildPhase;
			buildActionMask = 2147483647;
			files = (
			);
			inputPaths = (
				/Users/fotoable/Documents/IOS/ARManualDemo/ARVideoKit.framework,
			);
			outputPaths = (
			);
			runOnlyForDeploymentPostprocessing = 0;
			shellPath = /bin/sh;
			shellScript = "/usr/local/bin/carthage copy-frameworks\n";
		};
/* End PBXShellScriptBuildPhase section */

/* Begin PBXSourcesBuildPhase section */
		6FF2C7011FA30F7800895265 /* Sources */ = {
			isa = PBXSourcesBuildPhase;
			buildActionMask = 2147483647;
			files = (
				6FF2C70D1FA30F7800895265 /* ViewController.m in Sources */,
				6FF2C7181FA30F7800895265 /* main.m in Sources */,
				6F76F592202884E500C8CE44 /* SecondARViewController.m in Sources */,
				6FD6A11A20244A1F003F82A8 /* BTSceneView.m in Sources */,
				6F8CBE77202B139100FC50AA /* MyARSceneView.m in Sources */,
				6F76F58E20287C1700C8CE44 /* BtSceneView.swift in Sources */,
				6FF88F2F202714FB00C83BF1 /* ARSCNViewController.m in Sources */,
				6FF2C70A1FA30F7800895265 /* AppDelegate.m in Sources */,
			);
			runOnlyForDeploymentPostprocessing = 0;
		};
		6FF2C7191FA30F7800895265 /* Sources */ = {
			isa = PBXSourcesBuildPhase;
			buildActionMask = 2147483647;
			files = (
				6FF2C7221FA30F7800895265 /* ARManualDemoTests.m in Sources */,
			);
			runOnlyForDeploymentPostprocessing = 0;
		};
		6FF2C7241FA30F7800895265 /* Sources */ = {
			isa = PBXSourcesBuildPhase;
			buildActionMask = 2147483647;
			files = (
				6FF2C72D1FA30F7800895265 /* ARManualDemoUITests.m in Sources */,
			);
			runOnlyForDeploymentPostprocessing = 0;
		};
/* End PBXSourcesBuildPhase section */

/* Begin PBXTargetDependency section */
		6F3B45EC20271B3200834EF4 /* PBXTargetDependency */ = {
			isa = PBXTargetDependency;
			name = ARVideoKit;
			targetProxy = 6F3B45EB20271B3200834EF4 /* PBXContainerItemProxy */;
		};
		6FF2C71F1FA30F7800895265 /* PBXTargetDependency */ = {
			isa = PBXTargetDependency;
			target = 6FF2C7041FA30F7800895265 /* ARManualDemo */;
			targetProxy = 6FF2C71E1FA30F7800895265 /* PBXContainerItemProxy */;
		};
		6FF2C72A1FA30F7800895265 /* PBXTargetDependency */ = {
			isa = PBXTargetDependency;
			target = 6FF2C7041FA30F7800895265 /* ARManualDemo */;
			targetProxy = 6FF2C7291FA30F7800895265 /* PBXContainerItemProxy */;
		};
/* End PBXTargetDependency section */

/* Begin PBXVariantGroup section */
		6FF2C70E1FA30F7800895265 /* Main.storyboard */ = {
			isa = PBXVariantGroup;
			children = (
				6FF2C70F1FA30F7800895265 /* Base */,
			);
			name = Main.storyboard;
			sourceTree = "<group>";
		};
		6FF2C7131FA30F7800895265 /* LaunchScreen.storyboard */ = {
			isa = PBXVariantGroup;
			children = (
				6FF2C7141FA30F7800895265 /* Base */,
			);
			name = LaunchScreen.storyboard;
			sourceTree = "<group>";
		};
/* End PBXVariantGroup section */

/* Begin XCBuildConfiguration section */
		6FF2C72F1FA30F7800895265 /* Debug */ = {
			isa = XCBuildConfiguration;
			buildSettings = {
				ALWAYS_SEARCH_USER_PATHS = NO;
				CLANG_ANALYZER_NONNULL = YES;
				CLANG_ANALYZER_NUMBER_OBJECT_CONVERSION = YES_AGGRESSIVE;
				CLANG_CXX_LANGUAGE_STANDARD = "gnu++14";
				CLANG_CXX_LIBRARY = "libc++";
				CLANG_ENABLE_MODULES = YES;
				CLANG_ENABLE_OBJC_ARC = YES;
				CLANG_WARN_BLOCK_CAPTURE_AUTORELEASING = YES;
				CLANG_WARN_BOOL_CONVERSION = YES;
				CLANG_WARN_COMMA = YES;
				CLANG_WARN_CONSTANT_CONVERSION = YES;
				CLANG_WARN_DIRECT_OBJC_ISA_USAGE = YES_ERROR;
				CLANG_WARN_DOCUMENTATION_COMMENTS = YES;
				CLANG_WARN_EMPTY_BODY = YES;
				CLANG_WARN_ENUM_CONVERSION = YES;
				CLANG_WARN_INFINITE_RECURSION = YES;
				CLANG_WARN_INT_CONVERSION = YES;
				CLANG_WARN_NON_LITERAL_NULL_CONVERSION = YES;
				CLANG_WARN_OBJC_LITERAL_CONVERSION = YES;
				CLANG_WARN_OBJC_ROOT_CLASS = YES_ERROR;
				CLANG_WARN_RANGE_LOOP_ANALYSIS = YES;
				CLANG_WARN_STRICT_PROTOTYPES = YES;
				CLANG_WARN_SUSPICIOUS_MOVE = YES;
				CLANG_WARN_UNGUARDED_AVAILABILITY = YES_AGGRESSIVE;
				CLANG_WARN_UNREACHABLE_CODE = YES;
				CLANG_WARN__DUPLICATE_METHOD_MATCH = YES;
				CODE_SIGN_IDENTITY = "iPhone Developer";
				COPY_PHASE_STRIP = NO;
				DEBUG_INFORMATION_FORMAT = dwarf;
				ENABLE_STRICT_OBJC_MSGSEND = YES;
				ENABLE_TESTABILITY = YES;
				GCC_C_LANGUAGE_STANDARD = gnu11;
				GCC_DYNAMIC_NO_PIC = NO;
				GCC_NO_COMMON_BLOCKS = YES;
				GCC_OPTIMIZATION_LEVEL = 0;
				GCC_PREPROCESSOR_DEFINITIONS = (
					"DEBUG=1",
					"$(inherited)",
				);
				GCC_WARN_64_TO_32_BIT_CONVERSION = YES;
				GCC_WARN_ABOUT_RETURN_TYPE = YES_ERROR;
				GCC_WARN_UNDECLARED_SELECTOR = YES;
				GCC_WARN_UNINITIALIZED_AUTOS = YES_AGGRESSIVE;
				GCC_WARN_UNUSED_FUNCTION = YES;
				GCC_WARN_UNUSED_VARIABLE = YES;
				IPHONEOS_DEPLOYMENT_TARGET = 11.0;
				MTL_ENABLE_DEBUG_INFO = YES;
				ONLY_ACTIVE_ARCH = YES;
				SDKROOT = iphoneos;
			};
			name = Debug;
		};
		6FF2C7301FA30F7800895265 /* Release */ = {
			isa = XCBuildConfiguration;
			buildSettings = {
				ALWAYS_SEARCH_USER_PATHS = NO;
				CLANG_ANALYZER_NONNULL = YES;
				CLANG_ANALYZER_NUMBER_OBJECT_CONVERSION = YES_AGGRESSIVE;
				CLANG_CXX_LANGUAGE_STANDARD = "gnu++14";
				CLANG_CXX_LIBRARY = "libc++";
				CLANG_ENABLE_MODULES = YES;
				CLANG_ENABLE_OBJC_ARC = YES;
				CLANG_WARN_BLOCK_CAPTURE_AUTORELEASING = YES;
				CLANG_WARN_BOOL_CONVERSION = YES;
				CLANG_WARN_COMMA = YES;
				CLANG_WARN_CONSTANT_CONVERSION = YES;
				CLANG_WARN_DIRECT_OBJC_ISA_USAGE = YES_ERROR;
				CLANG_WARN_DOCUMENTATION_COMMENTS = YES;
				CLANG_WARN_EMPTY_BODY = YES;
				CLANG_WARN_ENUM_CONVERSION = YES;
				CLANG_WARN_INFINITE_RECURSION = YES;
				CLANG_WARN_INT_CONVERSION = YES;
				CLANG_WARN_NON_LITERAL_NULL_CONVERSION = YES;
				CLANG_WARN_OBJC_LITERAL_CONVERSION = YES;
				CLANG_WARN_OBJC_ROOT_CLASS = YES_ERROR;
				CLANG_WARN_RANGE_LOOP_ANALYSIS = YES;
				CLANG_WARN_STRICT_PROTOTYPES = YES;
				CLANG_WARN_SUSPICIOUS_MOVE = YES;
				CLANG_WARN_UNGUARDED_AVAILABILITY = YES_AGGRESSIVE;
				CLANG_WARN_UNREACHABLE_CODE = YES;
				CLANG_WARN__DUPLICATE_METHOD_MATCH = YES;
				CODE_SIGN_IDENTITY = "iPhone Developer";
				COPY_PHASE_STRIP = NO;
				DEBUG_INFORMATION_FORMAT = "dwarf-with-dsym";
				ENABLE_NS_ASSERTIONS = NO;
				ENABLE_STRICT_OBJC_MSGSEND = YES;
				GCC_C_LANGUAGE_STANDARD = gnu11;
				GCC_NO_COMMON_BLOCKS = YES;
				GCC_WARN_64_TO_32_BIT_CONVERSION = YES;
				GCC_WARN_ABOUT_RETURN_TYPE = YES_ERROR;
				GCC_WARN_UNDECLARED_SELECTOR = YES;
				GCC_WARN_UNINITIALIZED_AUTOS = YES_AGGRESSIVE;
				GCC_WARN_UNUSED_FUNCTION = YES;
				GCC_WARN_UNUSED_VARIABLE = YES;
				IPHONEOS_DEPLOYMENT_TARGET = 11.0;
				MTL_ENABLE_DEBUG_INFO = NO;
				SDKROOT = iphoneos;
				VALIDATE_PRODUCT = YES;
			};
			name = Release;
		};
		6FF2C7321FA30F7800895265 /* Debug */ = {
			isa = XCBuildConfiguration;
			buildSettings = {
				ALWAYS_EMBED_SWIFT_STANDARD_LIBRARIES = YES;
				ASSETCATALOG_COMPILER_APPICON_NAME = AppIcon;
				CLANG_ENABLE_MODULES = YES;
				CODE_SIGN_STYLE = Automatic;
				DEVELOPMENT_TEAM = 99T3L5AJF9;
				FRAMEWORK_SEARCH_PATHS = (
					"$(SRC_ROOT)",
					"$(PROJECT_DIR)",
				);
				INFOPLIST_FILE = ARManualDemo/Info.plist;
				LD_RUNPATH_SEARCH_PATHS = "$(inherited) @executable_path/Frameworks";
				PRODUCT_BUNDLE_IDENTIFIER = com.fotoable.ARManualDemo.x;
				PRODUCT_NAME = "$(TARGET_NAME)";
				SWIFT_OBJC_BRIDGING_HEADER = "ARManualDemo/ARManualDemo-Bridging-Header.h";
				SWIFT_OPTIMIZATION_LEVEL = "-Onone";
				SWIFT_VERSION = 3.0;
				TARGETED_DEVICE_FAMILY = "1,2";
			};
			name = Debug;
		};
		6FF2C7331FA30F7800895265 /* Release */ = {
			isa = XCBuildConfiguration;
			buildSettings = {
				ALWAYS_EMBED_SWIFT_STANDARD_LIBRARIES = YES;
				ASSETCATALOG_COMPILER_APPICON_NAME = AppIcon;
				CLANG_ENABLE_MODULES = YES;
				CODE_SIGN_STYLE = Automatic;
				DEVELOPMENT_TEAM = 99T3L5AJF9;
				FRAMEWORK_SEARCH_PATHS = (
					"$(SRC_ROOT)",
					"$(PROJECT_DIR)",
				);
				INFOPLIST_FILE = ARManualDemo/Info.plist;
				LD_RUNPATH_SEARCH_PATHS = "$(inherited) @executable_path/Frameworks";
				PRODUCT_BUNDLE_IDENTIFIER = com.fotoable.ARManualDemo.x;
				PRODUCT_NAME = "$(TARGET_NAME)";
				SWIFT_OBJC_BRIDGING_HEADER = "ARManualDemo/ARManualDemo-Bridging-Header.h";
				SWIFT_VERSION = 3.0;
				TARGETED_DEVICE_FAMILY = "1,2";
			};
			name = Release;
		};
		6FF2C7351FA30F7800895265 /* Debug */ = {
			isa = XCBuildConfiguration;
			buildSettings = {
				ALWAYS_EMBED_SWIFT_STANDARD_LIBRARIES = YES;
				BUNDLE_LOADER = "$(TEST_HOST)";
				CODE_SIGN_STYLE = Automatic;
				INFOPLIST_FILE = ARManualDemoTests/Info.plist;
				LD_RUNPATH_SEARCH_PATHS = "$(inherited) @executable_path/Frameworks @loader_path/Frameworks";
				PRODUCT_BUNDLE_IDENTIFIER = com.fotoable.ARManualDemoTests;
				PRODUCT_NAME = "$(TARGET_NAME)";
				TARGETED_DEVICE_FAMILY = "1,2";
				TEST_HOST = "$(BUILT_PRODUCTS_DIR)/ARManualDemo.app/ARManualDemo";
			};
			name = Debug;
		};
		6FF2C7361FA30F7800895265 /* Release */ = {
			isa = XCBuildConfiguration;
			buildSettings = {
				ALWAYS_EMBED_SWIFT_STANDARD_LIBRARIES = YES;
				BUNDLE_LOADER = "$(TEST_HOST)";
				CODE_SIGN_STYLE = Automatic;
				INFOPLIST_FILE = ARManualDemoTests/Info.plist;
				LD_RUNPATH_SEARCH_PATHS = "$(inherited) @executable_path/Frameworks @loader_path/Frameworks";
				PRODUCT_BUNDLE_IDENTIFIER = com.fotoable.ARManualDemoTests;
				PRODUCT_NAME = "$(TARGET_NAME)";
				TARGETED_DEVICE_FAMILY = "1,2";
				TEST_HOST = "$(BUILT_PRODUCTS_DIR)/ARManualDemo.app/ARManualDemo";
			};
			name = Release;
		};
		6FF2C7381FA30F7800895265 /* Debug */ = {
			isa = XCBuildConfiguration;
			buildSettings = {
				ALWAYS_EMBED_SWIFT_STANDARD_LIBRARIES = YES;
				CODE_SIGN_STYLE = Automatic;
				INFOPLIST_FILE = ARManualDemoUITests/Info.plist;
				LD_RUNPATH_SEARCH_PATHS = "$(inherited) @executable_path/Frameworks @loader_path/Frameworks";
				PRODUCT_BUNDLE_IDENTIFIER = com.fotoable.ARManualDemoUITests;
				PRODUCT_NAME = "$(TARGET_NAME)";
				TARGETED_DEVICE_FAMILY = "1,2";
				TEST_TARGET_NAME = ARManualDemo;
			};
			name = Debug;
		};
		6FF2C7391FA30F7800895265 /* Release */ = {
			isa = XCBuildConfiguration;
			buildSettings = {
				ALWAYS_EMBED_SWIFT_STANDARD_LIBRARIES = YES;
				CODE_SIGN_STYLE = Automatic;
				INFOPLIST_FILE = ARManualDemoUITests/Info.plist;
				LD_RUNPATH_SEARCH_PATHS = "$(inherited) @executable_path/Frameworks @loader_path/Frameworks";
				PRODUCT_BUNDLE_IDENTIFIER = com.fotoable.ARManualDemoUITests;
				PRODUCT_NAME = "$(TARGET_NAME)";
				TARGETED_DEVICE_FAMILY = "1,2";
				TEST_TARGET_NAME = ARManualDemo;
			};
			name = Release;
		};
/* End XCBuildConfiguration section */

/* Begin XCConfigurationList section */
		6FF2C7001FA30F7800895265 /* Build configuration list for PBXProject "ARManualDemo" */ = {
			isa = XCConfigurationList;
			buildConfigurations = (
				6FF2C72F1FA30F7800895265 /* Debug */,
				6FF2C7301FA30F7800895265 /* Release */,
			);
			defaultConfigurationIsVisible = 0;
			defaultConfigurationName = Release;
		};
		6FF2C7311FA30F7800895265 /* Build configuration list for PBXNativeTarget "ARManualDemo" */ = {
			isa = XCConfigurationList;
			buildConfigurations = (
				6FF2C7321FA30F7800895265 /* Debug */,
				6FF2C7331FA30F7800895265 /* Release */,
			);
			defaultConfigurationIsVisible = 0;
			defaultConfigurationName = Release;
		};
		6FF2C7341FA30F7800895265 /* Build configuration list for PBXNativeTarget "ARManualDemoTests" */ = {
			isa = XCConfigurationList;
			buildConfigurations = (
				6FF2C7351FA30F7800895265 /* Debug */,
				6FF2C7361FA30F7800895265 /* Release */,
			);
			defaultConfigurationIsVisible = 0;
			defaultConfigurationName = Release;
		};
		6FF2C7371FA30F7800895265 /* Build configuration list for PBXNativeTarget "ARManualDemoUITests" */ = {
			isa = XCConfigurationList;
			buildConfigurations = (
				6FF2C7381FA30F7800895265 /* Debug */,
				6FF2C7391FA30F7800895265 /* Release */,
			);
			defaultConfigurationIsVisible = 0;
			defaultConfigurationName = Release;
		};
/* End XCConfigurationList section */
	};
	rootObject = 6FF2C6FD1FA30F7800895265 /* Project object */;
}
